[[package]]
name = "certifi"
version = "2021.5.30"
description = "Python package for providing Mozilla's CA Bundle."
category = "main"
optional = false
python-versions = "*"

[[package]]
name = "cffi"
version = "1.14.6"
description = "Foreign Function Interface for Python calling C code."
category = "main"
optional = false
python-versions = "*"

[package.dependencies]
pycparser = "*"

[[package]]
name = "charset-normalizer"
version = "2.0.4"
description = "The Real First Universal Charset Detector. Open, modern and actively maintained alternative to Chardet."
category = "main"
optional = false
python-versions = ">=3.5.0"

[package.extras]
unicode_backport = ["unicodedata2"]

[[package]]
name = "cryptography"
version = "3.4.7"
description = "cryptography is a package which provides cryptographic recipes and primitives to Python developers."
category = "main"
optional = false
python-versions = ">=3.6"

[package.dependencies]
cffi = ">=1.12"

[package.extras]
docs = ["sphinx (>=1.6.5,!=1.8.0,!=3.1.0,!=3.1.1)", "sphinx-rtd-theme"]
docstest = ["doc8", "pyenchant (>=1.6.11)", "twine (>=1.12.0)", "sphinxcontrib-spelling (>=4.0.1)"]
pep8test = ["black", "flake8", "flake8-import-order", "pep8-naming"]
sdist = ["setuptools-rust (>=0.11.4)"]
ssh = ["bcrypt (>=3.1.5)"]
test = ["pytest (>=6.0)", "pytest-cov", "pytest-subtests", "pytest-xdist", "pretend", "iso8601", "pytz", "hypothesis (>=1.11.4,!=3.79.2)"]

[[package]]
name = "docker"
version = "5.0.0"
description = "A Python library for the Docker Engine API."
category = "main"
optional = false
python-versions = ">=3.6"

[package.dependencies]
pywin32 = {version = "227", markers = "sys_platform == \"win32\""}
requests = ">=2.14.2,<2.18.0 || >2.18.0"
websocket-client = ">=0.32.0"

[package.extras]
ssh = ["paramiko (>=2.4.2)"]
tls = ["pyOpenSSL (>=17.5.0)", "cryptography (>=3.4.7)", "idna (>=2.0.0)"]

[[package]]
name = "english"
version = "2020.7.0"
description = "English language utility library for Python"
category = "main"
optional = false
python-versions = "*"

[package.dependencies]
six = "*"

[[package]]
name = "idna"
version = "3.2"
description = "Internationalized Domain Names in Applications (IDNA)"
category = "main"
optional = false
python-versions = ">=3.5"

[[package]]
name = "monotonic"
version = "1.6"
description = "An implementation of time.monotonic() for Python 2 & < 3.3"
category = "main"
optional = false
python-versions = "*"

[[package]]
name = "neotime"
version = "1.7.4"
description = "Nanosecond resolution temporal types"
category = "main"
optional = false
python-versions = "*"

[package.dependencies]
pytz = "*"
six = "*"

[[package]]
name = "packaging"
version = "21.0"
description = "Core utilities for Python packages"
category = "main"
optional = false
python-versions = ">=3.6"

[package.dependencies]
pyparsing = ">=2.0.2"

[[package]]
name = "pansi"
version = "2020.7.3"
description = "ANSI escape code library for Python"
category = "main"
optional = false
python-versions = "*"

[package.dependencies]
six = "*"

[[package]]
name = "prompt-toolkit"
version = "3.0.19"
description = "Library for building powerful interactive command lines in Python"
category = "main"
optional = false
python-versions = ">=3.6.1"

[package.dependencies]
wcwidth = "*"

[[package]]
name = "py2neo"
version = "2021.1.5"
description = "Python client library and toolkit for Neo4j"
category = "main"
optional = false
python-versions = "*"

[package.dependencies]
certifi = "*"
cryptography = "*"
docker = "*"
english = "*"
monotonic = "*"
neotime = ">=1.7.4,<1.8.0"
packaging = "*"
pansi = ">=2020.7.3"
prompt-toolkit = {version = ">=2.0.7", markers = "python_version >= \"3.6\""}
pygments = ">=2.0.0"
pytz = "*"
six = ">=1.15.0"
urllib3 = "*"

[[package]]
name = "pycparser"
version = "2.20"
description = "C parser in Python"
category = "main"
optional = false
python-versions = ">=2.7, !=3.0.*, !=3.1.*, !=3.2.*, !=3.3.*"

[[package]]
name = "pygments"
version = "2.9.0"
description = "Pygments is a syntax highlighting package written in Python."
category = "main"
optional = false
python-versions = ">=3.5"

[[package]]
name = "pyparsing"
version = "2.4.7"
description = "Python parsing module"
category = "main"
optional = false
python-versions = ">=2.6, !=3.0.*, !=3.1.*, !=3.2.*"

[[package]]
name = "pytz"
version = "2021.1"
description = "World timezone definitions, modern and historical"
category = "main"
optional = false
python-versions = "*"

[[package]]
name = "pywin32"
version = "227"
description = "Python for Window Extensions"
category = "main"
optional = false
python-versions = "*"

[[package]]
name = "requests"
version = "2.26.0"
description = "Python HTTP for Humans."
category = "main"
optional = false
python-versions = ">=2.7, !=3.0.*, !=3.1.*, !=3.2.*, !=3.3.*, !=3.4.*, !=3.5.*"

[package.dependencies]
certifi = ">=2017.4.17"
charset-normalizer = {version = ">=2.0.0,<2.1.0", markers = "python_version >= \"3\""}
idna = {version = ">=2.5,<4", markers = "python_version >= \"3\""}
urllib3 = ">=1.21.1,<1.27"

[package.extras]
socks = ["PySocks (>=1.5.6,!=1.5.7)", "win-inet-pton"]
use_chardet_on_py3 = ["chardet (>=3.0.2,<5)"]

[[package]]
name = "six"
version = "1.16.0"
description = "Python 2 and 3 compatibility utilities"
category = "main"
optional = false
python-versions = ">=2.7, !=3.0.*, !=3.1.*, !=3.2.*"

[[package]]
name = "tld"
version = "0.12.6"
description = "Extract the top-level domain (TLD) from the URL given."
category = "main"
optional = false
python-versions = ">=2.7, <4"

[[package]]
name = "urllib3"
version = "1.26.6"
description = "HTTP library with thread-safe connection pooling, file post, and more."
category = "main"
optional = false
python-versions = ">=2.7, !=3.0.*, !=3.1.*, !=3.2.*, !=3.3.*, !=3.4.*, <4"

[package.extras]
brotli = ["brotlipy (>=0.6.0)"]
secure = ["pyOpenSSL (>=0.14)", "cryptography (>=1.3.4)", "idna (>=2.0.0)", "certifi", "ipaddress"]
socks = ["PySocks (>=1.5.6,!=1.5.7,<2.0)"]

[[package]]
name = "wcwidth"
version = "0.2.5"
description = "Measures the displayed width of unicode strings in a terminal"
category = "main"
optional = false
python-versions = "*"

[[package]]
name = "websocket-client"
version = "1.2.0"
description = "WebSocket client for Python with low level API options"
category = "main"
optional = false
python-versions = ">=3.6"

[metadata]
lock-version = "1.1"
python-versions = "^3.7"
content-hash = "bdb110f869d28dbad68f95a43bb2fd3502a51a006e495344b32a02c833fe35d2"

[metadata.files]
certifi = [
    {file = "certifi-2021.5.30-py2.py3-none-any.whl", hash = "sha256:50b1e4f8446b06f41be7dd6338db18e0990601dce795c2b1686458aa7e8fa7d8"},
    {file = "certifi-2021.5.30.tar.gz", hash = "sha256:2bbf76fd432960138b3ef6dda3dde0544f27cbf8546c458e60baf371917ba9ee"},
]
cffi = [
    {file = "cffi-1.14.6-cp27-cp27m-macosx_10_9_x86_64.whl", hash = "sha256:22b9c3c320171c108e903d61a3723b51e37aaa8c81255b5e7ce102775bd01e2c"},
    {file = "cffi-1.14.6-cp27-cp27m-manylinux1_i686.whl", hash = "sha256:f0c5d1acbfca6ebdd6b1e3eded8d261affb6ddcf2186205518f1428b8569bb99"},
    {file = "cffi-1.14.6-cp27-cp27m-manylinux1_x86_64.whl", hash = "sha256:99f27fefe34c37ba9875f224a8f36e31d744d8083e00f520f133cab79ad5e819"},
    {file = "cffi-1.14.6-cp27-cp27m-win32.whl", hash = "sha256:55af55e32ae468e9946f741a5d51f9896da6b9bf0bbdd326843fec05c730eb20"},
    {file = "cffi-1.14.6-cp27-cp27m-win_amd64.whl", hash = "sha256:7bcac9a2b4fdbed2c16fa5681356d7121ecabf041f18d97ed5b8e0dd38a80224"},
    {file = "cffi-1.14.6-cp27-cp27mu-manylinux1_i686.whl", hash = "sha256:ed38b924ce794e505647f7c331b22a693bee1538fdf46b0222c4717b42f744e7"},
    {file = "cffi-1.14.6-cp27-cp27mu-manylinux1_x86_64.whl", hash = "sha256:e22dcb48709fc51a7b58a927391b23ab37eb3737a98ac4338e2448bef8559b33"},
    {file = "cffi-1.14.6-cp35-cp35m-macosx_10_9_x86_64.whl", hash = "sha256:aedb15f0a5a5949ecb129a82b72b19df97bbbca024081ed2ef88bd5c0a610534"},
    {file = "cffi-1.14.6-cp35-cp35m-manylinux1_i686.whl", hash = "sha256:48916e459c54c4a70e52745639f1db524542140433599e13911b2f329834276a"},
    {file = "cffi-1.14.6-cp35-cp35m-manylinux1_x86_64.whl", hash = "sha256:f627688813d0a4140153ff532537fbe4afea5a3dffce1f9deb7f91f848a832b5"},
    {file = "cffi-1.14.6-cp35-cp35m-win32.whl", hash = "sha256:f0010c6f9d1a4011e429109fda55a225921e3206e7f62a0c22a35344bfd13cca"},
    {file = "cffi-1.14.6-cp35-cp35m-win_amd64.whl", hash = "sha256:57e555a9feb4a8460415f1aac331a2dc833b1115284f7ded7278b54afc5bd218"},
    {file = "cffi-1.14.6-cp36-cp36m-macosx_10_9_x86_64.whl", hash = "sha256:e8c6a99be100371dbb046880e7a282152aa5d6127ae01783e37662ef73850d8f"},
    {file = "cffi-1.14.6-cp36-cp36m-manylinux1_i686.whl", hash = "sha256:19ca0dbdeda3b2615421d54bef8985f72af6e0c47082a8d26122adac81a95872"},
    {file = "cffi-1.14.6-cp36-cp36m-manylinux1_x86_64.whl", hash = "sha256:d950695ae4381ecd856bcaf2b1e866720e4ab9a1498cba61c602e56630ca7195"},
    {file = "cffi-1.14.6-cp36-cp36m-manylinux_2_17_aarch64.manylinux2014_aarch64.whl", hash = "sha256:e9dc245e3ac69c92ee4c167fbdd7428ec1956d4e754223124991ef29eb57a09d"},
    {file = "cffi-1.14.6-cp36-cp36m-manylinux_2_17_ppc64le.manylinux2014_ppc64le.whl", hash = "sha256:a8661b2ce9694ca01c529bfa204dbb144b275a31685a075ce123f12331be790b"},
    {file = "cffi-1.14.6-cp36-cp36m-manylinux_2_17_s390x.manylinux2014_s390x.whl", hash = "sha256:b315d709717a99f4b27b59b021e6207c64620790ca3e0bde636a6c7f14618abb"},
    {file = "cffi-1.14.6-cp36-cp36m-win32.whl", hash = "sha256:80b06212075346b5546b0417b9f2bf467fea3bfe7352f781ffc05a8ab24ba14a"},
    {file = "cffi-1.14.6-cp36-cp36m-win_amd64.whl", hash = "sha256:a9da7010cec5a12193d1af9872a00888f396aba3dc79186604a09ea3ee7c029e"},
    {file = "cffi-1.14.6-cp37-cp37m-macosx_10_9_x86_64.whl", hash = "sha256:4373612d59c404baeb7cbd788a18b2b2a8331abcc84c3ba40051fcd18b17a4d5"},
    {file = "cffi-1.14.6-cp37-cp37m-manylinux1_i686.whl", hash = "sha256:f10afb1004f102c7868ebfe91c28f4a712227fe4cb24974350ace1f90e1febbf"},
    {file = "cffi-1.14.6-cp37-cp37m-manylinux1_x86_64.whl", hash = "sha256:fd4305f86f53dfd8cd3522269ed7fc34856a8ee3709a5e28b2836b2db9d4cd69"},
    {file = "cffi-1.14.6-cp37-cp37m-manylinux_2_17_aarch64.manylinux2014_aarch64.whl", hash = "sha256:6d6169cb3c6c2ad50db5b868db6491a790300ade1ed5d1da29289d73bbe40b56"},
    {file = "cffi-1.14.6-cp37-cp37m-manylinux_2_17_ppc64le.manylinux2014_ppc64le.whl", hash = "sha256:5d4b68e216fc65e9fe4f524c177b54964af043dde734807586cf5435af84045c"},
    {file = "cffi-1.14.6-cp37-cp37m-manylinux_2_17_s390x.manylinux2014_s390x.whl", hash = "sha256:33791e8a2dc2953f28b8d8d300dde42dd929ac28f974c4b4c6272cb2955cb762"},
    {file = "cffi-1.14.6-cp37-cp37m-win32.whl", hash = "sha256:0c0591bee64e438883b0c92a7bed78f6290d40bf02e54c5bf0978eaf36061771"},
    {file = "cffi-1.14.6-cp37-cp37m-win_amd64.whl", hash = "sha256:8eb687582ed7cd8c4bdbff3df6c0da443eb89c3c72e6e5dcdd9c81729712791a"},
    {file = "cffi-1.14.6-cp38-cp38-macosx_10_9_x86_64.whl", hash = "sha256:ba6f2b3f452e150945d58f4badd92310449876c4c954836cfb1803bdd7b422f0"},
    {file = "cffi-1.14.6-cp38-cp38-manylinux1_i686.whl", hash = "sha256:64fda793737bc4037521d4899be780534b9aea552eb673b9833b01f945904c2e"},
    {file = "cffi-1.14.6-cp38-cp38-manylinux1_x86_64.whl", hash = "sha256:9f3e33c28cd39d1b655ed1ba7247133b6f7fc16fa16887b120c0c670e35ce346"},
    {file = "cffi-1.14.6-cp38-cp38-manylinux_2_17_aarch64.manylinux2014_aarch64.whl", hash = "sha256:26bb2549b72708c833f5abe62b756176022a7b9a7f689b571e74c8478ead51dc"},
    {file = "cffi-1.14.6-cp38-cp38-manylinux_2_17_ppc64le.manylinux2014_ppc64le.whl", hash = "sha256:eb687a11f0a7a1839719edd80f41e459cc5366857ecbed383ff376c4e3cc6afd"},
    {file = "cffi-1.14.6-cp38-cp38-manylinux_2_17_s390x.manylinux2014_s390x.whl", hash = "sha256:d2ad4d668a5c0645d281dcd17aff2be3212bc109b33814bbb15c4939f44181cc"},
    {file = "cffi-1.14.6-cp38-cp38-win32.whl", hash = "sha256:487d63e1454627c8e47dd230025780e91869cfba4c753a74fda196a1f6ad6548"},
    {file = "cffi-1.14.6-cp38-cp38-win_amd64.whl", hash = "sha256:c33d18eb6e6bc36f09d793c0dc58b0211fccc6ae5149b808da4a62660678b156"},
    {file = "cffi-1.14.6-cp39-cp39-macosx_10_9_x86_64.whl", hash = "sha256:06c54a68935738d206570b20da5ef2b6b6d92b38ef3ec45c5422c0ebaf338d4d"},
    {file = "cffi-1.14.6-cp39-cp39-manylinux1_i686.whl", hash = "sha256:f174135f5609428cc6e1b9090f9268f5c8935fddb1b25ccb8255a2d50de6789e"},
    {file = "cffi-1.14.6-cp39-cp39-manylinux1_x86_64.whl", hash = "sha256:f3ebe6e73c319340830a9b2825d32eb6d8475c1dac020b4f0aa774ee3b898d1c"},
    {file = "cffi-1.14.6-cp39-cp39-manylinux_2_17_aarch64.manylinux2014_aarch64.whl", hash = "sha256:3c8d896becff2fa653dc4438b54a5a25a971d1f4110b32bd3068db3722c80202"},
    {file = "cffi-1.14.6-cp39-cp39-manylinux_2_17_ppc64le.manylinux2014_ppc64le.whl", hash = "sha256:4922cd707b25e623b902c86188aca466d3620892db76c0bdd7b99a3d5e61d35f"},
    {file = "cffi-1.14.6-cp39-cp39-manylinux_2_17_s390x.manylinux2014_s390x.whl", hash = "sha256:c9e005e9bd57bc987764c32a1bee4364c44fdc11a3cc20a40b93b444984f2b87"},
    {file = "cffi-1.14.6-cp39-cp39-win32.whl", hash = "sha256:eb9e2a346c5238a30a746893f23a9535e700f8192a68c07c0258e7ece6ff3728"},
    {file = "cffi-1.14.6-cp39-cp39-win_amd64.whl", hash = "sha256:818014c754cd3dba7229c0f5884396264d51ffb87ec86e927ef0be140bfdb0d2"},
    {file = "cffi-1.14.6.tar.gz", hash = "sha256:c9a875ce9d7fe32887784274dd533c57909b7b1dcadcc128a2ac21331a9765dd"},
]
charset-normalizer = [
    {file = "charset-normalizer-2.0.4.tar.gz", hash = "sha256:f23667ebe1084be45f6ae0538e4a5a865206544097e4e8bbcacf42cd02a348f3"},
    {file = "charset_normalizer-2.0.4-py3-none-any.whl", hash = "sha256:0c8911edd15d19223366a194a513099a302055a962bca2cec0f54b8b63175d8b"},
]
cryptography = [
    {file = "cryptography-3.4.7-cp36-abi3-macosx_10_10_x86_64.whl", hash = "sha256:3d8427734c781ea5f1b41d6589c293089704d4759e34597dce91014ac125aad1"},
    {file = "cryptography-3.4.7-cp36-abi3-macosx_11_0_arm64.whl", hash = "sha256:8e56e16617872b0957d1c9742a3f94b43533447fd78321514abbe7db216aa250"},
    {file = "cryptography-3.4.7-cp36-abi3-manylinux2010_x86_64.whl", hash = "sha256:37340614f8a5d2fb9aeea67fd159bfe4f5f4ed535b1090ce8ec428b2f15a11f2"},
    {file = "cryptography-3.4.7-cp36-abi3-manylinux2014_aarch64.whl", hash = "sha256:240f5c21aef0b73f40bb9f78d2caff73186700bf1bc6b94285699aff98cc16c6"},
    {file = "cryptography-3.4.7-cp36-abi3-manylinux2014_x86_64.whl", hash = "sha256:1e056c28420c072c5e3cb36e2b23ee55e260cb04eee08f702e0edfec3fb51959"},
    {file = "cryptography-3.4.7-cp36-abi3-win32.whl", hash = "sha256:0f1212a66329c80d68aeeb39b8a16d54ef57071bf22ff4e521657b27372e327d"},
    {file = "cryptography-3.4.7-cp36-abi3-win_amd64.whl", hash = "sha256:de4e5f7f68220d92b7637fc99847475b59154b7a1b3868fb7385337af54ac9ca"},
    {file = "cryptography-3.4.7-pp36-pypy36_pp73-manylinux2010_x86_64.whl", hash = "sha256:26965837447f9c82f1855e0bc8bc4fb910240b6e0d16a664bb722df3b5b06873"},
    {file = "cryptography-3.4.7-pp36-pypy36_pp73-manylinux2014_x86_64.whl", hash = "sha256:eb8cc2afe8b05acbd84a43905832ec78e7b3873fb124ca190f574dca7389a87d"},
    {file = "cryptography-3.4.7-pp37-pypy37_pp73-manylinux2010_x86_64.whl", hash = "sha256:7ec5d3b029f5fa2b179325908b9cd93db28ab7b85bb6c1db56b10e0b54235177"},
    {file = "cryptography-3.4.7-pp37-pypy37_pp73-manylinux2014_x86_64.whl", hash = "sha256:ee77aa129f481be46f8d92a1a7db57269a2f23052d5f2433b4621bb457081cc9"},
    {file = "cryptography-3.4.7.tar.gz", hash = "sha256:3d10de8116d25649631977cb37da6cbdd2d6fa0e0281d014a5b7d337255ca713"},
]
docker = [
    {file = "docker-5.0.0-py2.py3-none-any.whl", hash = "sha256:fc961d622160e8021c10d1bcabc388c57d55fb1f917175afbe24af442e6879bd"},
    {file = "docker-5.0.0.tar.gz", hash = "sha256:3e8bc47534e0ca9331d72c32f2881bb13b93ded0bcdeab3c833fb7cf61c0a9a5"},
]
english = [
    {file = "english-2020.7.0-py2.py3-none-any.whl", hash = "sha256:aeeaea58698bf703336cf63279d6709482909e2fc1d5da4540abae878ab1e292"},
    {file = "english-2020.7.0.tar.gz", hash = "sha256:7105ed1e9d22b0bd9c1841e7275d3e6e83a34cee475a7e291f70a05721732080"},
]
idna = [
    {file = "idna-3.2-py3-none-any.whl", hash = "sha256:14475042e284991034cb48e06f6851428fb14c4dc953acd9be9a5e95c7b6dd7a"},
    {file = "idna-3.2.tar.gz", hash = "sha256:467fbad99067910785144ce333826c71fb0e63a425657295239737f7ecd125f3"},
]
monotonic = [
    {file = "monotonic-1.6-py2.py3-none-any.whl", hash = "sha256:68687e19a14f11f26d140dd5c86f3dba4bf5df58003000ed467e0e2a69bca96c"},
    {file = "monotonic-1.6.tar.gz", hash = "sha256:3a55207bcfed53ddd5c5bae174524062935efed17792e9de2ad0205ce9ad63f7"},
]
neotime = [
    {file = "neotime-1.7.4.tar.gz", hash = "sha256:4e0477ba0f24e004de2fa79a3236de2bd941f20de0b5db8d976c52a86d7363eb"},
]
packaging = [
    {file = "packaging-21.0-py3-none-any.whl", hash = "sha256:c86254f9220d55e31cc94d69bade760f0847da8000def4dfe1c6b872fd14ff14"},
    {file = "packaging-21.0.tar.gz", hash = "sha256:7dc96269f53a4ccec5c0670940a4281106dd0bb343f47b7471f779df49c2fbe7"},
]
pansi = [
    {file = "pansi-2020.7.3-py2.py3-none-any.whl", hash = "sha256:ce2b8acaf06dc59dcc711f61efbe53c836877f127d73f11fdd898b994e5c4234"},
    {file = "pansi-2020.7.3.tar.gz", hash = "sha256:bd182d504528f870601acb0282aded411ad00a0148427b0e53a12162f4e74dcf"},
]
prompt-toolkit = [
    {file = "prompt_toolkit-3.0.19-py3-none-any.whl", hash = "sha256:7089d8d2938043508aa9420ec18ce0922885304cddae87fb96eebca942299f88"},
    {file = "prompt_toolkit-3.0.19.tar.gz", hash = "sha256:08360ee3a3148bdb5163621709ee322ec34fc4375099afa4bbf751e9b7b7fa4f"},
]
py2neo = [
    {file = "py2neo-2021.1.5-py2.py3-none-any.whl", hash = "sha256:a7e7880faa7776578985690ef65f177c608a720e2c5233e4ba0fc085ba1ac848"},
    {file = "py2neo-2021.1.5.tar.gz", hash = "sha256:ee059b05540b5b1423d89f54ca1477b8b65d9cc46f9a58480a8b51a105d0f59b"},
]
pycparser = [
    {file = "pycparser-2.20-py2.py3-none-any.whl", hash = "sha256:7582ad22678f0fcd81102833f60ef8d0e57288b6b5fb00323d101be910e35705"},
    {file = "pycparser-2.20.tar.gz", hash = "sha256:2d475327684562c3a96cc71adf7dc8c4f0565175cf86b6d7a404ff4c771f15f0"},
]
pygments = [
    {file = "Pygments-2.9.0-py3-none-any.whl", hash = "sha256:d66e804411278594d764fc69ec36ec13d9ae9147193a1740cd34d272ca383b8e"},
    {file = "Pygments-2.9.0.tar.gz", hash = "sha256:a18f47b506a429f6f4b9df81bb02beab9ca21d0a5fee38ed15aef65f0545519f"},
]
pyparsing = [
    {file = "pyparsing-2.4.7-py2.py3-none-any.whl", hash = "sha256:ef9d7589ef3c200abe66653d3f1ab1033c3c419ae9b9bdb1240a85b024efc88b"},
    {file = "pyparsing-2.4.7.tar.gz", hash = "sha256:c203ec8783bf771a155b207279b9bccb8dea02d8f0c9e5f8ead507bc3246ecc1"},
]
pytz = [
    {file = "pytz-2021.1-py2.py3-none-any.whl", hash = "sha256:eb10ce3e7736052ed3623d49975ce333bcd712c7bb19a58b9e2089d4057d0798"},
    {file = "pytz-2021.1.tar.gz", hash = "sha256:83a4a90894bf38e243cf052c8b58f381bfe9a7a483f6a9cab140bc7f702ac4da"},
]
pywin32 = [
    {file = "pywin32-227-cp27-cp27m-win32.whl", hash = "sha256:371fcc39416d736401f0274dd64c2302728c9e034808e37381b5e1b22be4a6b0"},
    {file = "pywin32-227-cp27-cp27m-win_amd64.whl", hash = "sha256:4cdad3e84191194ea6d0dd1b1b9bdda574ff563177d2adf2b4efec2a244fa116"},
    {file = "pywin32-227-cp35-cp35m-win32.whl", hash = "sha256:f4c5be1a293bae0076d93c88f37ee8da68136744588bc5e2be2f299a34ceb7aa"},
    {file = "pywin32-227-cp35-cp35m-win_amd64.whl", hash = "sha256:a929a4af626e530383a579431b70e512e736e9588106715215bf685a3ea508d4"},
    {file = "pywin32-227-cp36-cp36m-win32.whl", hash = "sha256:300a2db938e98c3e7e2093e4491439e62287d0d493fe07cce110db070b54c0be"},
    {file = "pywin32-227-cp36-cp36m-win_amd64.whl", hash = "sha256:9b31e009564fb95db160f154e2aa195ed66bcc4c058ed72850d047141b36f3a2"},
    {file = "pywin32-227-cp37-cp37m-win32.whl", hash = "sha256:47a3c7551376a865dd8d095a98deba954a98f326c6fe3c72d8726ca6e6b15507"},
    {file = "pywin32-227-cp37-cp37m-win_amd64.whl", hash = "sha256:31f88a89139cb2adc40f8f0e65ee56a8c585f629974f9e07622ba80199057511"},
    {file = "pywin32-227-cp38-cp38-win32.whl", hash = "sha256:7f18199fbf29ca99dff10e1f09451582ae9e372a892ff03a28528a24d55875bc"},
    {file = "pywin32-227-cp38-cp38-win_amd64.whl", hash = "sha256:7c1ae32c489dc012930787f06244426f8356e129184a02c25aef163917ce158e"},
    {file = "pywin32-227-cp39-cp39-win32.whl", hash = "sha256:c054c52ba46e7eb6b7d7dfae4dbd987a1bb48ee86debe3f245a2884ece46e295"},
    {file = "pywin32-227-cp39-cp39-win_amd64.whl", hash = "sha256:f27cec5e7f588c3d1051651830ecc00294f90728d19c3bf6916e6dba93ea357c"},
]
requests = [
    {file = "requests-2.26.0-py2.py3-none-any.whl", hash = "sha256:6c1246513ecd5ecd4528a0906f910e8f0f9c6b8ec72030dc9fd154dc1a6efd24"},
    {file = "requests-2.26.0.tar.gz", hash = "sha256:b8aa58f8cf793ffd8782d3d8cb19e66ef36f7aba4353eec859e74678b01b07a7"},
]
six = [
    {file = "six-1.16.0-py2.py3-none-any.whl", hash = "sha256:8abb2f1d86890a2dfb989f9a77cfcfd3e47c2a354b01111771326f8aa26e0254"},
    {file = "six-1.16.0.tar.gz", hash = "sha256:1e61c37477a1626458e36f7b1d82aa5c9b094fa4802892072e49de9c60c4c926"},
]
tld = [
    {file = "tld-0.12.6-py27-none-any.whl", hash = "sha256:ef5b162d6fa295822dacd4fe4df1b62d8df2550795a97399a8905821b58d3702"},
    {file = "tld-0.12.6-py35-none-any.whl", hash = "sha256:826bbe61dccc8d63144b51caef83e1373fbaac6f9ada46fca7846021f5d36fef"},
    {file = "tld-0.12.6-py36-none-any.whl", hash = "sha256:843844e4256c943983d86366b5af3ac9cd1c9a0b6465f04d9f70e3b4c1a7989f"},
    {file = "tld-0.12.6-py37-none-any.whl", hash = "sha256:a92ac6b84917e7d9e934434b8d37e9be534598f138fbb86b3c0d5426f2621890"},
    {file = "tld-0.12.6-py38-none-any.whl", hash = "sha256:266106ad9035f54cd5cce5f823911a51f697e7c58cb45bfbd6c53b4c2976ece2"},
    {file = "tld-0.12.6-py39-none-any.whl", hash = "sha256:b6650f2d5392a49760064bc55d73ce3397a378ef24ded96efb516c6b8ec68c26"},
    {file = "tld-0.12.6.tar.gz", hash = "sha256:69fed19d26bb3f715366fb4af66fdeace896c55c052b00e8aaba3a7b63f3e7f0"},
]
urllib3 = [
    {file = "urllib3-1.26.6-py2.py3-none-any.whl", hash = "sha256:39fb8672126159acb139a7718dd10806104dec1e2f0f6c88aab05d17df10c8d4"},
    {file = "urllib3-1.26.6.tar.gz", hash = "sha256:f57b4c16c62fa2760b7e3d97c35b255512fb6b59a259730f36ba32ce9f8e342f"},
]
wcwidth = [
    {file = "wcwidth-0.2.5-py2.py3-none-any.whl", hash = "sha256:beb4802a9cebb9144e99086eff703a642a13d6a0052920003a230f3294bbe784"},
    {file = "wcwidth-0.2.5.tar.gz", hash = "sha256:c4d647b99872929fdb7bdcaa4fbe7f01413ed3d98077df798530e5b04f116c83"},
]
websocket-client = [
    {file = "websocket-client-1.2.0.tar.gz", hash = "sha256:7665ba6c645989b28b61670874ab753e6929179e9fc90565ace6ac090f59c559"},
    {file = "websocket_client-1.2.0-py2.py3-none-any.whl", hash = "sha256:d82a975bdd02216f7884cd18106a0d9896a9a9e8cc90f23fe8c81dc48da2f142"},
]
